// !$*UTF8*$!
{
	archiveVersion = 1;
	classes = {
	};
	objectVersion = 46;
	objects = {

/* Begin PBXBuildFile section */
		A20B55641C871A2F00B7A312 /* VivaRating.h in Headers */ = {isa = PBXBuildFile; fileRef = A20B55631C871A2F00B7A312 /* VivaRating.h */; settings = {ATTRIBUTES = (Public, ); }; };
		A20B556B1C871A2F00B7A312 /* VivaRating.framework in Frameworks */ = {isa = PBXBuildFile; fileRef = A20B55601C871A2F00B7A312 /* VivaRating.framework */; };
		A20B55701C871A2F00B7A312 /* VivaRatingTests.swift in Sources */ = {isa = PBXBuildFile; fileRef = A20B556F1C871A2F00B7A312 /* VivaRatingTests.swift */; };
		A20B557C1C871C9F00B7A312 /* VivaRatingView.xib in Resources */ = {isa = PBXBuildFile; fileRef = A20B557B1C871C9F00B7A312 /* VivaRatingView.xib */; };
		A20B557E1C871CB400B7A312 /* VivaRatingView.swift in Sources */ = {isa = PBXBuildFile; fileRef = A20B557D1C871CB400B7A312 /* VivaRatingView.swift */; };
		A20B55801C871CD900B7A312 /* AssetCatalog.xcassets in Resources */ = {isa = PBXBuildFile; fileRef = A20B557F1C871CD900B7A312 /* AssetCatalog.xcassets */; };
		EC3866DE76A6F150507EA1A1 /* Pods_VivaRating.framework in Frameworks */ = {isa = PBXBuildFile; fileRef = 19F680A8DDB666F288CB6CE6 /* Pods_VivaRating.framework */; };
/* End PBXBuildFile section */

/* Begin PBXContainerItemProxy section */
		A20B556C1C871A2F00B7A312 /* PBXContainerItemProxy */ = {
			isa = PBXContainerItemProxy;
			containerPortal = A20B55571C871A2F00B7A312 /* Project object */;
			proxyType = 1;
			remoteGlobalIDString = A20B555F1C871A2F00B7A312;
			remoteInfo = VivaRating;
		};
/* End PBXContainerItemProxy section */

/* Begin PBXFileReference section */
		19F680A8DDB666F288CB6CE6 /* Pods_VivaRating.framework */ = {isa = PBXFileReference; explicitFileType = wrapper.framework; includeInIndex = 0; path = Pods_VivaRating.framework; sourceTree = BUILT_PRODUCTS_DIR; };
		4414E06D03B93A9A14D02B79 /* Pods-VivaRating.debug.xcconfig */ = {isa = PBXFileReference; includeInIndex = 1; lastKnownFileType = text.xcconfig; name = "Pods-VivaRating.debug.xcconfig"; path = "Pods/Target Support Files/Pods-VivaRating/Pods-VivaRating.debug.xcconfig"; sourceTree = "<group>"; };
		815791AD81FED046A3287F01 /* Pods-VivaRating.release.xcconfig */ = {isa = PBXFileReference; includeInIndex = 1; lastKnownFileType = text.xcconfig; name = "Pods-VivaRating.release.xcconfig"; path = "Pods/Target Support Files/Pods-VivaRating/Pods-VivaRating.release.xcconfig"; sourceTree = "<group>"; };
		A20B55601C871A2F00B7A312 /* VivaRating.framework */ = {isa = PBXFileReference; explicitFileType = wrapper.framework; includeInIndex = 0; path = VivaRating.framework; sourceTree = BUILT_PRODUCTS_DIR; };
		A20B55631C871A2F00B7A312 /* VivaRating.h */ = {isa = PBXFileReference; lastKnownFileType = sourcecode.c.h; path = VivaRating.h; sourceTree = "<group>"; };
		A20B55651C871A2F00B7A312 /* Info.plist */ = {isa = PBXFileReference; lastKnownFileType = text.plist.xml; path = Info.plist; sourceTree = "<group>"; };
		A20B556A1C871A2F00B7A312 /* VivaRatingTests.xctest */ = {isa = PBXFileReference; explicitFileType = wrapper.cfbundle; includeInIndex = 0; path = VivaRatingTests.xctest; sourceTree = BUILT_PRODUCTS_DIR; };
		A20B556F1C871A2F00B7A312 /* VivaRatingTests.swift */ = {isa = PBXFileReference; lastKnownFileType = sourcecode.swift; path = VivaRatingTests.swift; sourceTree = "<group>"; };
		A20B55711C871A2F00B7A312 /* Info.plist */ = {isa = PBXFileReference; lastKnownFileType = text.plist.xml; path = Info.plist; sourceTree = "<group>"; };
		A20B557B1C871C9F00B7A312 /* VivaRatingView.xib */ = {isa = PBXFileReference; fileEncoding = 4; lastKnownFileType = file.xib; path = VivaRatingView.xib; sourceTree = "<group>"; };
		A20B557D1C871CB400B7A312 /* VivaRatingView.swift */ = {isa = PBXFileReference; fileEncoding = 4; lastKnownFileType = sourcecode.swift; path = VivaRatingView.swift; sourceTree = "<group>"; };
		A20B557F1C871CD900B7A312 /* AssetCatalog.xcassets */ = {isa = PBXFileReference; lastKnownFileType = folder.assetcatalog; path = AssetCatalog.xcassets; sourceTree = "<group>"; };
/* End PBXFileReference section */

/* Begin PBXFrameworksBuildPhase section */
		A20B555C1C871A2F00B7A312 /* Frameworks */ = {
			isa = PBXFrameworksBuildPhase;
			buildActionMask = 2147483647;
			files = (
				EC3866DE76A6F150507EA1A1 /* Pods_VivaRating.framework in Frameworks */,
			);
			runOnlyForDeploymentPostprocessing = 0;
		};
		A20B55671C871A2F00B7A312 /* Frameworks */ = {
			isa = PBXFrameworksBuildPhase;
			buildActionMask = 2147483647;
			files = (
				A20B556B1C871A2F00B7A312 /* VivaRating.framework in Frameworks */,
			);
			runOnlyForDeploymentPostprocessing = 0;
		};
/* End PBXFrameworksBuildPhase section */

/* Begin PBXGroup section */
		6344511706D061C49B79EFF0 /* Frameworks */ = {
			isa = PBXGroup;
			children = (
				19F680A8DDB666F288CB6CE6 /* Pods_VivaRating.framework */,
			);
			name = Frameworks;
			sourceTree = "<group>";
		};
		A1E2BAA9490A980ACE583E85 /* Pods */ = {
			isa = PBXGroup;
			children = (
				4414E06D03B93A9A14D02B79 /* Pods-VivaRating.debug.xcconfig */,
				815791AD81FED046A3287F01 /* Pods-VivaRating.release.xcconfig */,
			);
			name = Pods;
			sourceTree = "<group>";
		};
		A20B55561C871A2F00B7A312 = {
			isa = PBXGroup;
			children = (
				A20B55621C871A2F00B7A312 /* VivaRating */,
				A20B556E1C871A2F00B7A312 /* VivaRatingTests */,
				A20B55611C871A2F00B7A312 /* Products */,
				A1E2BAA9490A980ACE583E85 /* Pods */,
				6344511706D061C49B79EFF0 /* Frameworks */,
			);
			sourceTree = "<group>";
		};
		A20B55611C871A2F00B7A312 /* Products */ = {
			isa = PBXGroup;
			children = (
				A20B55601C871A2F00B7A312 /* VivaRating.framework */,
				A20B556A1C871A2F00B7A312 /* VivaRatingTests.xctest */,
			);
			name = Products;
			sourceTree = "<group>";
		};
		A20B55621C871A2F00B7A312 /* VivaRating */ = {
			isa = PBXGroup;
			children = (
				A20B557A1C871C7C00B7A312 /* Views */,
				A20B55631C871A2F00B7A312 /* VivaRating.h */,
				A20B55651C871A2F00B7A312 /* Info.plist */,
				A20B557F1C871CD900B7A312 /* AssetCatalog.xcassets */,
			);
			path = VivaRating;
			sourceTree = "<group>";
		};
		A20B556E1C871A2F00B7A312 /* VivaRatingTests */ = {
			isa = PBXGroup;
			children = (
				A20B556F1C871A2F00B7A312 /* VivaRatingTests.swift */,
				A20B55711C871A2F00B7A312 /* Info.plist */,
			);
			path = VivaRatingTests;
			sourceTree = "<group>";
		};
		A20B557A1C871C7C00B7A312 /* Views */ = {
			isa = PBXGroup;
			children = (
				A20B557B1C871C9F00B7A312 /* VivaRatingView.xib */,
				A20B557D1C871CB400B7A312 /* VivaRatingView.swift */,
			);
			name = Views;
			sourceTree = "<group>";
		};
/* End PBXGroup section */

/* Begin PBXHeadersBuildPhase section */
		A20B555D1C871A2F00B7A312 /* Headers */ = {
			isa = PBXHeadersBuildPhase;
			buildActionMask = 2147483647;
			files = (
				A20B55641C871A2F00B7A312 /* VivaRating.h in Headers */,
			);
			runOnlyForDeploymentPostprocessing = 0;
		};
/* End PBXHeadersBuildPhase section */

/* Begin PBXNativeTarget section */
		A20B555F1C871A2F00B7A312 /* VivaRating */ = {
			isa = PBXNativeTarget;
			buildConfigurationList = A20B55741C871A2F00B7A312 /* Build configuration list for PBXNativeTarget "VivaRating" */;
			buildPhases = (
				D2CA2E2B655512A9B9610CCE /* Check Pods Manifest.lock */,
				A20B555B1C871A2F00B7A312 /* Sources */,
				A20B555C1C871A2F00B7A312 /* Frameworks */,
				A20B555D1C871A2F00B7A312 /* Headers */,
				A20B555E1C871A2F00B7A312 /* Resources */,
				1CC4A4F1A1A631AA9CA56896 /* Copy Pods Resources */,
			);
			buildRules = (
			);
			dependencies = (
			);
			name = VivaRating;
			productName = VivaRating;
			productReference = A20B55601C871A2F00B7A312 /* VivaRating.framework */;
			productType = "com.apple.product-type.framework";
		};
		A20B55691C871A2F00B7A312 /* VivaRatingTests */ = {
			isa = PBXNativeTarget;
			buildConfigurationList = A20B55771C871A2F00B7A312 /* Build configuration list for PBXNativeTarget "VivaRatingTests" */;
			buildPhases = (
				A20B55661C871A2F00B7A312 /* Sources */,
				A20B55671C871A2F00B7A312 /* Frameworks */,
				A20B55681C871A2F00B7A312 /* Resources */,
			);
			buildRules = (
			);
			dependencies = (
				A20B556D1C871A2F00B7A312 /* PBXTargetDependency */,
			);
			name = VivaRatingTests;
			productName = VivaRatingTests;
			productReference = A20B556A1C871A2F00B7A312 /* VivaRatingTests.xctest */;
			productType = "com.apple.product-type.bundle.unit-test";
		};
/* End PBXNativeTarget section */

/* Begin PBXProject section */
		A20B55571C871A2F00B7A312 /* Project object */ = {
			isa = PBXProject;
			attributes = {
				LastSwiftUpdateCheck = 0720;
				LastUpgradeCheck = 0720;
				ORGANIZATIONNAME = "Rodrigo Soares";
				TargetAttributes = {
					A20B555F1C871A2F00B7A312 = {
						CreatedOnToolsVersion = 7.2;
					};
					A20B55691C871A2F00B7A312 = {
						CreatedOnToolsVersion = 7.2;
					};
				};
			};
			buildConfigurationList = A20B555A1C871A2F00B7A312 /* Build configuration list for PBXProject "VivaRating" */;
			compatibilityVersion = "Xcode 3.2";
			developmentRegion = English;
			hasScannedForEncodings = 0;
			knownRegions = (
				en,
			);
			mainGroup = A20B55561C871A2F00B7A312;
			productRefGroup = A20B55611C871A2F00B7A312 /* Products */;
			projectDirPath = "";
			projectRoot = "";
			targets = (
				A20B555F1C871A2F00B7A312 /* VivaRating */,
				A20B55691C871A2F00B7A312 /* VivaRatingTests */,
			);
		};
/* End PBXProject section */

/* Begin PBXResourcesBuildPhase section */
		A20B555E1C871A2F00B7A312 /* Resources */ = {
			isa = PBXResourcesBuildPhase;
			buildActionMask = 2147483647;
			files = (
				A20B55801C871CD900B7A312 /* AssetCatalog.xcassets in Resources */,
				A20B557C1C871C9F00B7A312 /* VivaRatingView.xib in Resources */,
			);
			runOnlyForDeploymentPostprocessing = 0;
		};
		A20B55681C871A2F00B7A312 /* Resources */ = {
			isa = PBXResourcesBuildPhase;
			buildActionMask = 2147483647;
			files = (
			);
			runOnlyForDeploymentPostprocessing = 0;
		};
/* End PBXResourcesBuildPhase section */

/* Begin PBXShellScriptBuildPhase section */
		1CC4A4F1A1A631AA9CA56896 /* Copy Pods Resources */ = {
			isa = PBXShellScriptBuildPhase;
			buildActionMask = 2147483647;
			files = (
			);
			inputPaths = (
			);
			name = "Copy Pods Resources";
			outputPaths = (
			);
			runOnlyForDeploymentPostprocessing = 0;
			shellPath = /bin/sh;
			shellScript = "\"${SRCROOT}/Pods/Target Support Files/Pods-VivaRating/Pods-VivaRating-resources.sh\"\n";
			showEnvVarsInLog = 0;
		};
		D2CA2E2B655512A9B9610CCE /* Check Pods Manifest.lock */ = {
			isa = PBXShellScriptBuildPhase;
			buildActionMask = 2147483647;
			files = (
			);
			inputPaths = (
			);
			name = "Check Pods Manifest.lock";
			outputPaths = (
			);
			runOnlyForDeploymentPostprocessing = 0;
			shellPath = /bin/sh;
			shellScript = "diff \"${PODS_ROOT}/../Podfile.lock\" \"${PODS_ROOT}/Manifest.lock\" > /dev/null\nif [[ $? != 0 ]] ; then\n    cat << EOM\nerror: The sandbox is not in sync with the Podfile.lock. Run 'pod install' or update your CocoaPods installation.\nEOM\n    exit 1\nfi\n";
			showEnvVarsInLog = 0;
		};
/* End PBXShellScriptBuildPhase section */

/* Begin PBXSourcesBuildPhase section */
		A20B555B1C871A2F00B7A312 /* Sources */ = {
			isa = PBXSourcesBuildPhase;
			buildActionMask = 2147483647;
			files = (
				A20B557E1C871CB400B7A312 /* VivaRatingView.swift in Sources */,
			);
			runOnlyForDeploymentPostprocessing = 0;
		};
		A20B55661C871A2F00B7A312 /* Sources */ = {
			isa = PBXSourcesBuildPhase;
			buildActionMask = 2147483647;
			files = (
				A20B55701C871A2F00B7A312 /* VivaRatingTests.swift in Sources */,
			);
			runOnlyForDeploymentPostprocessing = 0;
		};
/* End PBXSourcesBuildPhase section */

/* Begin PBXTargetDependency section */
		A20B556D1C871A2F00B7A312 /* PBXTargetDependency */ = {
			isa = PBXTargetDependency;
			target = A20B555F1C871A2F00B7A312 /* VivaRating */;
			targetProxy = A20B556C1C871A2F00B7A312 /* PBXContainerItemProxy */;
		};
/* End PBXTargetDependency section */

/* Begin XCBuildConfiguration section */
		A20B55721C871A2F00B7A312 /* Debug */ = {
			isa = XCBuildConfiguration;
			buildSettings = {
				ALWAYS_SEARCH_USER_PATHS = NO;
				CLANG_CXX_LANGUAGE_STANDARD = "gnu++0x";
				CLANG_CXX_LIBRARY = "libc++";
				CLANG_ENABLE_MODULES = YES;
				CLANG_ENABLE_OBJC_ARC = YES;
				CLANG_WARN_BOOL_CONVERSION = YES;
				CLANG_WARN_CONSTANT_CONVERSION = YES;
				CLANG_WARN_DIRECT_OBJC_ISA_USAGE = YES_ERROR;
				CLANG_WARN_EMPTY_BODY = YES;
				CLANG_WARN_ENUM_CONVERSION = YES;
				CLANG_WARN_INT_CONVERSION = YES;
				CLANG_WARN_OBJC_ROOT_CLASS = YES_ERROR;
				CLANG_WARN_UNREACHABLE_CODE = YES;
				CLANG_WARN__DUPLICATE_METHOD_MATCH = YES;
				"CODE_SIGN_IDENTITY[sdk=iphoneos*]" = "iPhone Developer";
				COPY_PHASE_STRIP = NO;
				CURRENT_PROJECT_VERSION = 1;
				DEBUG_INFORMATION_FORMAT = dwarf;
				ENABLE_STRICT_OBJC_MSGSEND = YES;
				ENABLE_TESTABILITY = YES;
				GCC_C_LANGUAGE_STANDARD = gnu99;
				GCC_DYNAMIC_NO_PIC = NO;
				GCC_NO_COMMON_BLOCKS = YES;
				GCC_OPTIMIZATION_LEVEL = 0;
				GCC_PREPROCESSOR_DEFINITIONS = (
					"DEBUG=1",
					"$(inherited)",
				);
				GCC_WARN_64_TO_32_BIT_CONVERSION = YES;
				GCC_WARN_ABOUT_RETURN_TYPE = YES_ERROR;
				GCC_WARN_UNDECLARED_SELECTOR = YES;
				GCC_WARN_UNINITIALIZED_AUTOS = YES_AGGRESSIVE;
				GCC_WARN_UNUSED_FUNCTION = YES;
				GCC_WARN_UNUSED_VARIABLE = YES;
				IPHONEOS_DEPLOYMENT_TARGET = 8.0;
				MTL_ENABLE_DEBUG_INFO = YES;
				ONLY_ACTIVE_ARCH = YES;
				SDKROOT = iphoneos;
				SWIFT_OPTIMIZATION_LEVEL = "-Onone";
				TARGETED_DEVICE_FAMILY = "1,2";
				VERSIONING_SYSTEM = "apple-generic";
				VERSION_INFO_PREFIX = "";
			};
			name = Debug;
		};
		A20B55731C871A2F00B7A312 /* Release */ = {
			isa = XCBuildConfiguration;
			buildSettings = {
				ALWAYS_SEARCH_USER_PATHS = NO;
				CLANG_CXX_LANGUAGE_STANDARD = "gnu++0x";
				CLANG_CXX_LIBRARY = "libc++";
				CLANG_ENABLE_MODULES = YES;
				CLANG_ENABLE_OBJC_ARC = YES;
				CLANG_WARN_BOOL_CONVERSION = YES;
				CLANG_WARN_CONSTANT_CONVERSION = YES;
				CLANG_WARN_DIRECT_OBJC_ISA_USAGE = YES_ERROR;
				CLANG_WARN_EMPTY_BODY = YES;
				CLANG_WARN_ENUM_CONVERSION = YES;
				CLANG_WARN_INT_CONVERSION = YES;
				CLANG_WARN_OBJC_ROOT_CLASS = YES_ERROR;
				CLANG_WARN_UNREACHABLE_CODE = YES;
				CLANG_WARN__DUPLICATE_METHOD_MATCH = YES;
				"CODE_SIGN_IDENTITY[sdk=iphoneos*]" = "iPhone Developer";
				COPY_PHASE_STRIP = NO;
				CURRENT_PROJECT_VERSION = 1;
				DEBUG_INFORMATION_FORMAT = "dwarf-with-dsym";
				ENABLE_NS_ASSERTIONS = NO;
				ENABLE_STRICT_OBJC_MSGSEND = YES;
				GCC_C_LANGUAGE_STANDARD = gnu99;
				GCC_NO_COMMON_BLOCKS = YES;
				GCC_WARN_64_TO_32_BIT_CONVERSION = YES;
				GCC_WARN_ABOUT_RETURN_TYPE = YES_ERROR;
				GCC_WARN_UNDECLARED_SELECTOR = YES;
				GCC_WARN_UNINITIALIZED_AUTOS = YES_AGGRESSIVE;
				GCC_WARN_UNUSED_FUNCTION = YES;
				GCC_WARN_UNUSED_VARIABLE = YES;
				IPHONEOS_DEPLOYMENT_TARGET = 8.0;
				MTL_ENABLE_DEBUG_INFO = NO;
				SDKROOT = iphoneos;
				TARGETED_DEVICE_FAMILY = "1,2";
				VALIDATE_PRODUCT = YES;
				VERSIONING_SYSTEM = "apple-generic";
				VERSION_INFO_PREFIX = "";
			};
			name = Release;
		};
		A20B55751C871A2F00B7A312 /* Debug */ = {
			isa = XCBuildConfiguration;
			baseConfigurationReference = 4414E06D03B93A9A14D02B79 /* Pods-VivaRating.debug.xcconfig */;
			buildSettings = {
				CLANG_ENABLE_MODULES = YES;
				DEFINES_MODULE = YES;
				DYLIB_COMPATIBILITY_VERSION = 1;
				DYLIB_CURRENT_VERSION = 1;
				DYLIB_INSTALL_NAME_BASE = "@rpath";
				INFOPLIST_FILE = VivaRating/Info.plist;
				INSTALL_PATH = "$(LOCAL_LIBRARY_DIR)/Frameworks";
				IPHONEOS_DEPLOYMENT_TARGET = 8.0;
				LD_RUNPATH_SEARCH_PATHS = "$(inherited) @executable_path/Frameworks @loader_path/Frameworks";
				PRODUCT_BUNDLE_IDENTIFIER = com.VivaReal.VivaRating;
				PRODUCT_NAME = "$(TARGET_NAME)";
				SKIP_INSTALL = YES;
				SWIFT_OPTIMIZATION_LEVEL = "-Onone";
			};
			name = Debug;
		};
		A20B55761C871A2F00B7A312 /* Release */ = {
			isa = XCBuildConfiguration;
			baseConfigurationReference = 815791AD81FED046A3287F01 /* Pods-VivaRating.release.xcconfig */;
			buildSettings = {
				CLANG_ENABLE_MODULES = YES;
				DEFINES_MODULE = YES;
				DYLIB_COMPATIBILITY_VERSION = 1;
				DYLIB_CURRENT_VERSION = 1;
				DYLIB_INSTALL_NAME_BASE = "@rpath";
				INFOPLIST_FILE = VivaRating/Info.plist;
				INSTALL_PATH = "$(LOCAL_LIBRARY_DIR)/Frameworks";
				IPHONEOS_DEPLOYMENT_TARGET = 8.0;
				LD_RUNPATH_SEARCH_PATHS = "$(inherited) @executable_path/Frameworks @loader_path/Frameworks";
				PRODUCT_BUNDLE_IDENTIFIER = com.VivaReal.VivaRating;
				PRODUCT_NAME = "$(TARGET_NAME)";
				SKIP_INSTALL = YES;
			};
			name = Release;
		};
		A20B55781C871A2F00B7A312 /* Debug */ = {
			isa = XCBuildConfiguration;
			buildSettings = {
				INFOPLIST_FILE = VivaRatingTests/Info.plist;
				LD_RUNPATH_SEARCH_PATHS = "$(inherited) @executable_path/Frameworks @loader_path/Frameworks";
				PRODUCT_BUNDLE_IDENTIFIER = com.VivaReal.VivaRatingTests;
				PRODUCT_NAME = "$(TARGET_NAME)";
			};
			name = Debug;
		};
		A20B55791C871A2F00B7A312 /* Release */ = {
			isa = XCBuildConfiguration;
			buildSettings = {
				INFOPLIST_FILE = VivaRatingTests/Info.plist;
				LD_RUNPATH_SEARCH_PATHS = "$(inherited) @executable_path/Frameworks @loader_path/Frameworks";
				PRODUCT_BUNDLE_IDENTIFIER = com.VivaReal.VivaRatingTests;
				PRODUCT_NAME = "$(TARGET_NAME)";
			};
			name = Release;
		};
/* End XCBuildConfiguration section */

/* Begin XCConfigurationList section */
		A20B555A1C871A2F00B7A312 /* Build configuration list for PBXProject "VivaRating" */ = {
			isa = XCConfigurationList;
			buildConfigurations = (
				A20B55721C871A2F00B7A312 /* Debug */,
				A20B55731C871A2F00B7A312 /* Release */,
			);
			defaultConfigurationIsVisible = 0;
			defaultConfigurationName = Release;
		};
		A20B55741C871A2F00B7A312 /* Build configuration list for PBXNativeTarget "VivaRating" */ = {
			isa = XCConfigurationList;
			buildConfigurations = (
				A20B55751C871A2F00B7A312 /* Debug */,
				A20B55761C871A2F00B7A312 /* Release */,
			);
			defaultConfigurationIsVisible = 0;
			defaultConfigurationName = Release;
		};
		A20B55771C871A2F00B7A312 /* Build configuration list for PBXNativeTarget "VivaRatingTests" */ = {
			isa = XCConfigurationList;
			buildConfigurations = (
				A20B55781C871A2F00B7A312 /* Debug */,
				A20B55791C871A2F00B7A312 /* Release */,
			);
			defaultConfigurationIsVisible = 0;
			defaultConfigurationName = Release;
		};
/* End XCConfigurationList section */
	};
	rootObject = A20B55571C871A2F00B7A312 /* Project object */;
}
